
Microsoft Visual Studio Solution File, Format Version 12.00
# Visual Studio Version 17
VisualStudioVersion = 17.14.36212.18 d17.14
MinimumVisualStudioVersion = 10.0.40219.1
Project("{FAE04EC0-301F-11D3-BF4B-00C04F79EFBC}") = "IKIEA.PL", "IKIEA.PL\IKIEA.PL.csproj", "{CF99AB7A-1144-4244-B0DB-8314B05F81C0}"
EndProject
Project("{FAE04EC0-301F-11D3-BF4B-00C04F79EFBC}") = "IKIEA.DAL", "IKIEA.DAL\IKIEA.DAL.csproj", "{C2028661-4FBC-4D2C-8096-B3F7AC83C77D}"
EndProject
Project("{FAE04EC0-301F-11D3-BF4B-00C04F79EFBC}") = "IKIEA.BLL", "IKIEA.BLL\IKIEA.BLL.csproj", "{AF603009-1D09-4F25-8D13-20AAFD3FD876}"
EndProject
Global
	GlobalSection(SolutionConfigurationPlatforms) = preSolution
		Debug|Any CPU = Debug|Any CPU
		Release|Any CPU = Release|Any CPU
	EndGlobalSection
	GlobalSection(ProjectConfigurationPlatforms) = postSolution
		{CF99AB7A-1144-4244-B0DB-8314B05F81C0}.Debug|Any CPU.ActiveCfg = Debug|Any CPU
		{CF99AB7A-1144-4244-B0DB-8314B05F81C0}.Debug|Any CPU.Build.0 = Debug|Any CPU
		{CF99AB7A-1144-4244-B0DB-8314B05F81C0}.Release|Any CPU.ActiveCfg = Release|Any CPU
		{CF99AB7A-1144-4244-B0DB-8314B05F81C0}.Release|Any CPU.Build.0 = Release|Any CPU
		{C2028661-4FBC-4D2C-8096-B3F7AC83C77D}.Debug|Any CPU.ActiveCfg = Debug|Any CPU
		{C2028661-4FBC-4D2C-8096-B3F7AC83C77D}.Debug|Any CPU.Build.0 = Debug|Any CPU
		{C2028661-4FBC-4D2C-8096-B3F7AC83C77D}.Release|Any CPU.ActiveCfg = Release|Any CPU
		{C2028661-4FBC-4D2C-8096-B3F7AC83C77D}.Release|Any CPU.Build.0 = Release|Any CPU
		{AF603009-1D09-4F25-8D13-20AAFD3FD876}.Debug|Any CPU.ActiveCfg = Debug|Any CPU
		{AF603009-1D09-4F25-8D13-20AAFD3FD876}.Debug|Any CPU.Build.0 = Debug|Any CPU
		{AF603009-1D09-4F25-8D13-20AAFD3FD876}.Release|Any CPU.ActiveCfg = Release|Any CPU
		{AF603009-1D09-4F25-8D13-20AAFD3FD876}.Release|Any CPU.Build.0 = Release|Any CPU
	EndGlobalSection
	GlobalSection(SolutionProperties) = preSolution
		HideSolutionNode = FALSE
	EndGlobalSection
	GlobalSection(ExtensibilityGlobals) = postSolution
		SolutionGuid = {3F0CDDE3-9444-442F-B651-D5AC8A183521}
	EndGlobalSection
EndGlobal
